
Microsoft Visual Studio Solution File, Format Version 12.00
# Visual Studio Version 17
VisualStudioVersion = 17.5.33516.290
MinimumVisualStudioVersion = 10.0.40219.1
Project("{FAE04EC0-301F-11D3-BF4B-00C04F79EFBC}") = "ExceptionHandling", "ExceptionHandling\ExceptionHandling.csproj", "{D37392F9-9714-42E5-A0E9-A9D274DCDF3A}"
EndProject
Global
	GlobalSection(SolutionConfigurationPlatforms) = preSolution
		Debug|Any CPU = Debug|Any CPU
		Release|Any CPU = Release|Any CPU
	EndGlobalSection
	GlobalSection(ProjectConfigurationPlatforms) = postSolution
		{D37392F9-9714-42E5-A0E9-A9D274DCDF3A}.Debug|Any CPU.ActiveCfg = Debug|Any CPU
		{D37392F9-9714-42E5-A0E9-A9D274DCDF3A}.Debug|Any CPU.Build.0 = Debug|Any CPU
		{D37392F9-9714-42E5-A0E9-A9D274DCDF3A}.Release|Any CPU.ActiveCfg = Release|Any CPU
		{D37392F9-9714-42E5-A0E9-A9D274DCDF3A}.Release|Any CPU.Build.0 = Release|Any CPU
	EndGlobalSection
	GlobalSection(SolutionProperties) = preSolution
		HideSolutionNode = FALSE
	EndGlobalSection
	GlobalSection(ExtensibilityGlobals) = postSolution
		SolutionGuid = {A2B118C0-91F5-4A30-A323-F44EF120E28C}
	EndGlobalSection
EndGlobal
